
Microsoft Visual Studio Solution File, Format Version 12.00
# Visual Studio Version 17
VisualStudioVersion = 17.10.35122.118
MinimumVisualStudioVersion = 10.0.40219.1
Project("{F184B08F-C81C-45F6-A57F-5ABD9991F28F}") = "WindowsApp1", "WindowsApp1.vbproj", "{37C071BA-D268-4462-9826-FDE831EA8628}"
EndProject
Global
	GlobalSection(SolutionConfigurationPlatforms) = preSolution
		Debug|Any CPU = Debug|Any CPU
		Release|Any CPU = Release|Any CPU
	EndGlobalSection
	GlobalSection(ProjectConfigurationPlatforms) = postSolution
		{37C071BA-D268-4462-9826-FDE831EA8628}.Debug|Any CPU.ActiveCfg = Debug|Any CPU
		{37C071BA-D268-4462-9826-FDE831EA8628}.Debug|Any CPU.Build.0 = Debug|Any CPU
		{37C071BA-D268-4462-9826-FDE831EA8628}.Release|Any CPU.ActiveCfg = Release|Any CPU
		{37C071BA-D268-4462-9826-FDE831EA8628}.Release|Any CPU.Build.0 = Release|Any CPU
	EndGlobalSection
	GlobalSection(SolutionProperties) = preSolution
		HideSolutionNode = FALSE
	EndGlobalSection
	GlobalSection(ExtensibilityGlobals) = postSolution
		SolutionGuid = {00DCF6F4-DE5F-4250-AEDB-ACF1EA83C149}
	EndGlobalSection
EndGlobal
